
Microsoft Visual Studio Solution File, Format Version 12.00
# Visual Studio Version 16
VisualStudioVersion = 16.0.809.9
MinimumVisualStudioVersion = 10.0.40219.1
Project("{FAE04EC0-301F-11D3-BF4B-00C04F79EFBC}") = "events", "events\events.csproj", "{88623325-D75A-4CAB-BF15-98FBD3FEA544}"
EndProject
Global
	GlobalSection(SolutionConfigurationPlatforms) = preSolution
		Debug|Any CPU = Debug|Any CPU
		Release|Any CPU = Release|Any CPU
	EndGlobalSection
	GlobalSection(ProjectConfigurationPlatforms) = postSolution
		{88623325-D75A-4CAB-BF15-98FBD3FEA544}.Debug|Any CPU.ActiveCfg = Debug|Any CPU
		{88623325-D75A-4CAB-BF15-98FBD3FEA544}.Debug|Any CPU.Build.0 = Debug|Any CPU
		{88623325-D75A-4CAB-BF15-98FBD3FEA544}.Release|Any CPU.ActiveCfg = Release|Any CPU
		{88623325-D75A-4CAB-BF15-98FBD3FEA544}.Release|Any CPU.Build.0 = Release|Any CPU
	EndGlobalSection
	GlobalSection(SolutionProperties) = preSolution
		HideSolutionNode = FALSE
	EndGlobalSection
	GlobalSection(ExtensibilityGlobals) = postSolution
		SolutionGuid = {82E99309-5C78-4997-A1C1-6781CB21D9CF}
	EndGlobalSection
EndGlobal
